// !$*UTF8*$!
{
	archiveVersion = 1;
	classes = {
	};
	objectVersion = 50;
	objects = {

/* Begin PBXBuildFile section */
		08156F4D20AB2AEF003F73CA /* AppDelegate.m in Sources */ = {isa = PBXBuildFile; fileRef = 08156F4C20AB2AEF003F73CA /* AppDelegate.m */; };
		08156F5020AB2AEF003F73CA /* ViewController.m in Sources */ = {isa = PBXBuildFile; fileRef = 08156F4F20AB2AEF003F73CA /* ViewController.m */; };
		08156F5320AB2AEF003F73CA /* Main.storyboard in Resources */ = {isa = PBXBuildFile; fileRef = 08156F5120AB2AEF003F73CA /* Main.storyboard */; };
		08156F5520AB2AF0003F73CA /* Assets.xcassets in Resources */ = {isa = PBXBuildFile; fileRef = 08156F5420AB2AF0003F73CA /* Assets.xcassets */; };
		08156F5820AB2AF0003F73CA /* LaunchScreen.storyboard in Resources */ = {isa = PBXBuildFile; fileRef = 08156F5620AB2AF0003F73CA /* LaunchScreen.storyboard */; };
		08156F5B20AB2AF0003F73CA /* main.m in Sources */ = {isa = PBXBuildFile; fileRef = 08156F5A20AB2AF0003F73CA /* main.m */; };
		08156F6520AB2AF0003F73CA /* MobileAPIObjectiveCTests.m in Sources */ = {isa = PBXBuildFile; fileRef = 08156F6420AB2AF0003F73CA /* MobileAPIObjectiveCTests.m */; };
/* End PBXBuildFile section */

/* Begin PBXContainerItemProxy section */
		08156F6120AB2AF0003F73CA /* PBXContainerItemProxy */ = {
			isa = PBXContainerItemProxy;
			containerPortal = 08156F4020AB2AEF003F73CA /* Project object */;
			proxyType = 1;
			remoteGlobalIDString = 08156F4720AB2AEF003F73CA;
			remoteInfo = MobileAPIObjectiveC;
		};
/* End PBXContainerItemProxy section */

/* Begin PBXFileReference section */
		08156F4820AB2AEF003F73CA /* MobileAPIObjectiveC.app */ = {isa = PBXFileReference; explicitFileType = wrapper.application; includeInIndex = 0; path = MobileAPIObjectiveC.app; sourceTree = BUILT_PRODUCTS_DIR; };
		08156F4B20AB2AEF003F73CA /* AppDelegate.h */ = {isa = PBXFileReference; lastKnownFileType = sourcecode.c.h; path = AppDelegate.h; sourceTree = "<group>"; };
		08156F4C20AB2AEF003F73CA /* AppDelegate.m */ = {isa = PBXFileReference; lastKnownFileType = sourcecode.c.objc; path = AppDelegate.m; sourceTree = "<group>"; };
		08156F4E20AB2AEF003F73CA /* ViewController.h */ = {isa = PBXFileReference; lastKnownFileType = sourcecode.c.h; path = ViewController.h; sourceTree = "<group>"; };
		08156F4F20AB2AEF003F73CA /* ViewController.m */ = {isa = PBXFileReference; lastKnownFileType = sourcecode.c.objc; path = ViewController.m; sourceTree = "<group>"; };
		08156F5220AB2AEF003F73CA /* Base */ = {isa = PBXFileReference; lastKnownFileType = file.storyboard; name = Base; path = Base.lproj/Main.storyboard; sourceTree = "<group>"; };
		08156F5420AB2AF0003F73CA /* Assets.xcassets */ = {isa = PBXFileReference; lastKnownFileType = folder.assetcatalog; path = Assets.xcassets; sourceTree = "<group>"; };
		08156F5720AB2AF0003F73CA /* Base */ = {isa = PBXFileReference; lastKnownFileType = file.storyboard; name = Base; path = Base.lproj/LaunchScreen.storyboard; sourceTree = "<group>"; };
		08156F5920AB2AF0003F73CA /* Info.plist */ = {isa = PBXFileReference; lastKnownFileType = text.plist.xml; path = Info.plist; sourceTree = "<group>"; };
		08156F5A20AB2AF0003F73CA /* main.m */ = {isa = PBXFileReference; lastKnownFileType = sourcecode.c.objc; path = main.m; sourceTree = "<group>"; };
		08156F6020AB2AF0003F73CA /* MobileAPIObjectiveCTests.xctest */ = {isa = PBXFileReference; explicitFileType = wrapper.cfbundle; includeInIndex = 0; path = MobileAPIObjectiveCTests.xctest; sourceTree = BUILT_PRODUCTS_DIR; };
		08156F6420AB2AF0003F73CA /* MobileAPIObjectiveCTests.m */ = {isa = PBXFileReference; lastKnownFileType = sourcecode.c.objc; path = MobileAPIObjectiveCTests.m; sourceTree = "<group>"; };
		08156F6620AB2AF0003F73CA /* Info.plist */ = {isa = PBXFileReference; lastKnownFileType = text.plist.xml; path = Info.plist; sourceTree = "<group>"; };
/* End PBXFileReference section */

/* Begin PBXFrameworksBuildPhase section */
		08156F4520AB2AEF003F73CA /* Frameworks */ = {
			isa = PBXFrameworksBuildPhase;
			buildActionMask = 2147483647;
			files = (
			);
			runOnlyForDeploymentPostprocessing = 0;
		};
		08156F5D20AB2AF0003F73CA /* Frameworks */ = {
			isa = PBXFrameworksBuildPhase;
			buildActionMask = 2147483647;
			files = (
			);
			runOnlyForDeploymentPostprocessing = 0;
		};
/* End PBXFrameworksBuildPhase section */

/* Begin PBXGroup section */
		08156F3F20AB2AEF003F73CA = {
			isa = PBXGroup;
			children = (
				08156F4A20AB2AEF003F73CA /* MobileAPIObjectiveC */,
				08156F6320AB2AF0003F73CA /* MobileAPIObjectiveCTests */,
				08156F4920AB2AEF003F73CA /* Products */,
			);
			sourceTree = "<group>";
		};
		08156F4920AB2AEF003F73CA /* Products */ = {
			isa = PBXGroup;
			children = (
				08156F4820AB2AEF003F73CA /* MobileAPIObjectiveC.app */,
				08156F6020AB2AF0003F73CA /* MobileAPIObjectiveCTests.xctest */,
			);
			name = Products;
			sourceTree = "<group>";
		};
		08156F4A20AB2AEF003F73CA /* MobileAPIObjectiveC */ = {
			isa = PBXGroup;
			children = (
				08156F4B20AB2AEF003F73CA /* AppDelegate.h */,
				08156F4C20AB2AEF003F73CA /* AppDelegate.m */,
				08156F4E20AB2AEF003F73CA /* ViewController.h */,
				08156F4F20AB2AEF003F73CA /* ViewController.m */,
				08156F5120AB2AEF003F73CA /* Main.storyboard */,
				08156F5420AB2AF0003F73CA /* Assets.xcassets */,
				08156F5620AB2AF0003F73CA /* LaunchScreen.storyboard */,
				08156F5920AB2AF0003F73CA /* Info.plist */,
				08156F5A20AB2AF0003F73CA /* main.m */,
			);
			path = MobileAPIObjectiveC;
			sourceTree = "<group>";
		};
		08156F6320AB2AF0003F73CA /* MobileAPIObjectiveCTests */ = {
			isa = PBXGroup;
			children = (
				08156F6420AB2AF0003F73CA /* MobileAPIObjectiveCTests.m */,
				08156F6620AB2AF0003F73CA /* Info.plist */,
			);
			path = MobileAPIObjectiveCTests;
			sourceTree = "<group>";
		};
/* End PBXGroup section */

/* Begin PBXNativeTarget section */
		08156F4720AB2AEF003F73CA /* MobileAPIObjectiveC */ = {
			isa = PBXNativeTarget;
			buildConfigurationList = 08156F6920AB2AF0003F73CA /* Build configuration list for PBXNativeTarget "MobileAPIObjectiveC" */;
			buildPhases = (
				08156F4420AB2AEF003F73CA /* Sources */,
				08156F4520AB2AEF003F73CA /* Frameworks */,
				08156F4620AB2AEF003F73CA /* Resources */,
			);
			buildRules = (
			);
			dependencies = (
			);
			name = MobileAPIObjectiveC;
			productName = MobileAPIObjectiveC;
			productReference = 08156F4820AB2AEF003F73CA /* MobileAPIObjectiveC.app */;
			productType = "com.apple.product-type.application";
		};
		08156F5F20AB2AF0003F73CA /* MobileAPIObjectiveCTests */ = {
			isa = PBXNativeTarget;
			buildConfigurationList = 08156F6C20AB2AF0003F73CA /* Build configuration list for PBXNativeTarget "MobileAPIObjectiveCTests" */;
			buildPhases = (
				08156F5C20AB2AF0003F73CA /* Sources */,
				08156F5D20AB2AF0003F73CA /* Frameworks */,
				08156F5E20AB2AF0003F73CA /* Resources */,
			);
			buildRules = (
			);
			dependencies = (
				08156F6220AB2AF0003F73CA /* PBXTargetDependency */,
			);
			name = MobileAPIObjectiveCTests;
			productName = MobileAPIObjectiveCTests;
			productReference = 08156F6020AB2AF0003F73CA /* MobileAPIObjectiveCTests.xctest */;
			productType = "com.apple.product-type.bundle.unit-test";
		};
/* End PBXNativeTarget section */

/* Begin PBXProject section */
		08156F4020AB2AEF003F73CA /* Project object */ = {
			isa = PBXProject;
			attributes = {
				LastUpgradeCheck = 0930;
				ORGANIZATIONNAME = DUBTEL;
				TargetAttributes = {
					08156F4720AB2AEF003F73CA = {
						CreatedOnToolsVersion = 9.3.1;
					};
					08156F5F20AB2AF0003F73CA = {
						CreatedOnToolsVersion = 9.3.1;
						TestTargetID = 08156F4720AB2AEF003F73CA;
					};
				};
			};
			buildConfigurationList = 08156F4320AB2AEF003F73CA /* Build configuration list for PBXProject "MobileAPIObjectiveC" */;
			compatibilityVersion = "Xcode 9.3";
			developmentRegion = en;
			hasScannedForEncodings = 0;
			knownRegions = (
				en,
				Base,
			);
			mainGroup = 08156F3F20AB2AEF003F73CA;
			productRefGroup = 08156F4920AB2AEF003F73CA /* Products */;
			projectDirPath = "";
			projectRoot = "";
			targets = (
				08156F4720AB2AEF003F73CA /* MobileAPIObjectiveC */,
				08156F5F20AB2AF0003F73CA /* MobileAPIObjectiveCTests */,
			);
		};
/* End PBXProject section */

/* Begin PBXResourcesBuildPhase section */
		08156F4620AB2AEF003F73CA /* Resources */ = {
			isa = PBXResourcesBuildPhase;
			buildActionMask = 2147483647;
			files = (
				08156F5820AB2AF0003F73CA /* LaunchScreen.storyboard in Resources */,
				08156F5520AB2AF0003F73CA /* Assets.xcassets in Resources */,
				08156F5320AB2AEF003F73CA /* Main.storyboard in Resources */,
			);
			runOnlyForDeploymentPostprocessing = 0;
		};
		08156F5E20AB2AF0003F73CA /* Resources */ = {
			isa = PBXResourcesBuildPhase;
			buildActionMask = 2147483647;
			files = (
			);
			runOnlyForDeploymentPostprocessing = 0;
		};
/* End PBXResourcesBuildPhase section */

/* Begin PBXSourcesBuildPhase section */
		08156F4420AB2AEF003F73CA /* Sources */ = {
			isa = PBXSourcesBuildPhase;
			buildActionMask = 2147483647;
			files = (
				08156F5020AB2AEF003F73CA /* ViewController.m in Sources */,
				08156F5B20AB2AF0003F73CA /* main.m in Sources */,
				08156F4D20AB2AEF003F73CA /* AppDelegate.m in Sources */,
			);
			runOnlyForDeploymentPostprocessing = 0;
		};
		08156F5C20AB2AF0003F73CA /* Sources */ = {
			isa = PBXSourcesBuildPhase;
			buildActionMask = 2147483647;
			files = (
				08156F6520AB2AF0003F73CA /* MobileAPIObjectiveCTests.m in Sources */,
			);
			runOnlyForDeploymentPostprocessing = 0;
		};
/* End PBXSourcesBuildPhase section */

/* Begin PBXTargetDependency section */
		08156F6220AB2AF0003F73CA /* PBXTargetDependency */ = {
			isa = PBXTargetDependency;
			target = 08156F4720AB2AEF003F73CA /* MobileAPIObjectiveC */;
			targetProxy = 08156F6120AB2AF0003F73CA /* PBXContainerItemProxy */;
		};
/* End PBXTargetDependency section */

/* Begin PBXVariantGroup section */
		08156F5120AB2AEF003F73CA /* Main.storyboard */ = {
			isa = PBXVariantGroup;
			children = (
				08156F5220AB2AEF003F73CA /* Base */,
			);
			name = Main.storyboard;
			sourceTree = "<group>";
		};
		08156F5620AB2AF0003F73CA /* LaunchScreen.storyboard */ = {
			isa = PBXVariantGroup;
			children = (
				08156F5720AB2AF0003F73CA /* Base */,
			);
			name = LaunchScreen.storyboard;
			sourceTree = "<group>";
		};
/* End PBXVariantGroup section */

/* Begin XCBuildConfiguration section */
		08156F6720AB2AF0003F73CA /* Debug */ = {
			isa = XCBuildConfiguration;
			buildSettings = {
				ALWAYS_SEARCH_USER_PATHS = NO;
				CLANG_ANALYZER_NONNULL = YES;
				CLANG_ANALYZER_NUMBER_OBJECT_CONVERSION = YES_AGGRESSIVE;
				CLANG_CXX_LANGUAGE_STANDARD = "gnu++14";
				CLANG_CXX_LIBRARY = "libc++";
				CLANG_ENABLE_MODULES = YES;
				CLANG_ENABLE_OBJC_ARC = YES;
				CLANG_ENABLE_OBJC_WEAK = YES;
				CLANG_WARN_BLOCK_CAPTURE_AUTORELEASING = YES;
				CLANG_WARN_BOOL_CONVERSION = YES;
				CLANG_WARN_COMMA = YES;
				CLANG_WARN_CONSTANT_CONVERSION = YES;
				CLANG_WARN_DEPRECATED_OBJC_IMPLEMENTATIONS = YES;
				CLANG_WARN_DIRECT_OBJC_ISA_USAGE = YES_ERROR;
				CLANG_WARN_DOCUMENTATION_COMMENTS = YES;
				CLANG_WARN_EMPTY_BODY = YES;
				CLANG_WARN_ENUM_CONVERSION = YES;
				CLANG_WARN_INFINITE_RECURSION = YES;
				CLANG_WARN_INT_CONVERSION = YES;
				CLANG_WARN_NON_LITERAL_NULL_CONVERSION = YES;
				CLANG_WARN_OBJC_IMPLICIT_RETAIN_SELF = YES;
				CLANG_WARN_OBJC_LITERAL_CONVERSION = YES;
				CLANG_WARN_OBJC_ROOT_CLASS = YES_ERROR;
				CLANG_WARN_RANGE_LOOP_ANALYSIS = YES;
				CLANG_WARN_STRICT_PROTOTYPES = YES;
				CLANG_WARN_SUSPICIOUS_MOVE = YES;
				CLANG_WARN_UNGUARDED_AVAILABILITY = YES_AGGRESSIVE;
				CLANG_WARN_UNREACHABLE_CODE = YES;
				CLANG_WARN__DUPLICATE_METHOD_MATCH = YES;
				CODE_SIGN_IDENTITY = "iPhone Developer";
				COPY_PHASE_STRIP = NO;
				DEBUG_INFORMATION_FORMAT = dwarf;
				ENABLE_STRICT_OBJC_MSGSEND = YES;
				ENABLE_TESTABILITY = YES;
				GCC_C_LANGUAGE_STANDARD = gnu11;
				GCC_DYNAMIC_NO_PIC = NO;
				GCC_NO_COMMON_BLOCKS = YES;
				GCC_OPTIMIZATION_LEVEL = 0;
				GCC_PREPROCESSOR_DEFINITIONS = (
					"DEBUG=1",
					"$(inherited)",
				);
				GCC_WARN_64_TO_32_BIT_CONVERSION = YES;
				GCC_WARN_ABOUT_RETURN_TYPE = YES_ERROR;
				GCC_WARN_UNDECLARED_SELECTOR = YES;
				GCC_WARN_UNINITIALIZED_AUTOS = YES_AGGRESSIVE;
				GCC_WARN_UNUSED_FUNCTION = YES;
				GCC_WARN_UNUSED_VARIABLE = YES;
				IPHONEOS_DEPLOYMENT_TARGET = 11.3;
				MTL_ENABLE_DEBUG_INFO = YES;
				ONLY_ACTIVE_ARCH = YES;
				SDKROOT = iphoneos;
			};
			name = Debug;
		};
		08156F6820AB2AF0003F73CA /* Release */ = {
			isa = XCBuildConfiguration;
			buildSettings = {
				ALWAYS_SEARCH_USER_PATHS = NO;
				CLANG_ANALYZER_NONNULL = YES;
				CLANG_ANALYZER_NUMBER_OBJECT_CONVERSION = YES_AGGRESSIVE;
				CLANG_CXX_LANGUAGE_STANDARD = "gnu++14";
				CLANG_CXX_LIBRARY = "libc++";
				CLANG_ENABLE_MODULES = YES;
				CLANG_ENABLE_OBJC_ARC = YES;
				CLANG_ENABLE_OBJC_WEAK = YES;
				CLANG_WARN_BLOCK_CAPTURE_AUTORELEASING = YES;
				CLANG_WARN_BOOL_CONVERSION = YES;
				CLANG_WARN_COMMA = YES;
				CLANG_WARN_CONSTANT_CONVERSION = YES;
				CLANG_WARN_DEPRECATED_OBJC_IMPLEMENTATIONS = YES;
				CLANG_WARN_DIRECT_OBJC_ISA_USAGE = YES_ERROR;
				CLANG_WARN_DOCUMENTATION_COMMENTS = YES;
				CLANG_WARN_EMPTY_BODY = YES;
				CLANG_WARN_ENUM_CONVERSION = YES;
				CLANG_WARN_INFINITE_RECURSION = YES;
				CLANG_WARN_INT_CONVERSION = YES;
				CLANG_WARN_NON_LITERAL_NULL_CONVERSION = YES;
				CLANG_WARN_OBJC_IMPLICIT_RETAIN_SELF = YES;
				CLANG_WARN_OBJC_LITERAL_CONVERSION = YES;
				CLANG_WARN_OBJC_ROOT_CLASS = YES_ERROR;
				CLANG_WARN_RANGE_LOOP_ANALYSIS = YES;
				CLANG_WARN_STRICT_PROTOTYPES = YES;
				CLANG_WARN_SUSPICIOUS_MOVE = YES;
				CLANG_WARN_UNGUARDED_AVAILABILITY = YES_AGGRESSIVE;
				CLANG_WARN_UNREACHABLE_CODE = YES;
				CLANG_WARN__DUPLICATE_METHOD_MATCH = YES;
				CODE_SIGN_IDENTITY = "iPhone Developer";
				COPY_PHASE_STRIP = NO;
				DEBUG_INFORMATION_FORMAT = "dwarf-with-dsym";
				ENABLE_NS_ASSERTIONS = NO;
				ENABLE_STRICT_OBJC_MSGSEND = YES;
				GCC_C_LANGUAGE_STANDARD = gnu11;
				GCC_NO_COMMON_BLOCKS = YES;
				GCC_WARN_64_TO_32_BIT_CONVERSION = YES;
				GCC_WARN_ABOUT_RETURN_TYPE = YES_ERROR;
				GCC_WARN_UNDECLARED_SELECTOR = YES;
				GCC_WARN_UNINITIALIZED_AUTOS = YES_AGGRESSIVE;
				GCC_WARN_UNUSED_FUNCTION = YES;
				GCC_WARN_UNUSED_VARIABLE = YES;
				IPHONEOS_DEPLOYMENT_TARGET = 11.3;
				MTL_ENABLE_DEBUG_INFO = NO;
				SDKROOT = iphoneos;
				VALIDATE_PRODUCT = YES;
			};
			name = Release;
		};
		08156F6A20AB2AF0003F73CA /* Debug */ = {
			isa = XCBuildConfiguration;
			buildSettings = {
				ASSETCATALOG_COMPILER_APPICON_NAME = AppIcon;
				CODE_SIGN_STYLE = Automatic;
				DEVELOPMENT_TEAM = 457Y6A548A;
				INFOPLIST_FILE = MobileAPIObjectiveC/Info.plist;
				LD_RUNPATH_SEARCH_PATHS = (
					"$(inherited)",
					"@executable_path/Frameworks",
				);
				PRODUCT_BUNDLE_IDENTIFIER = com.DUBTEL.MobileAPIObjectiveC;
				PRODUCT_NAME = "$(TARGET_NAME)";
				TARGETED_DEVICE_FAMILY = "1,2";
			};
			name = Debug;
		};
		08156F6B20AB2AF0003F73CA /* Release */ = {
			isa = XCBuildConfiguration;
			buildSettings = {
				ASSETCATALOG_COMPILER_APPICON_NAME = AppIcon;
				CODE_SIGN_STYLE = Automatic;
				DEVELOPMENT_TEAM = 457Y6A548A;
				INFOPLIST_FILE = MobileAPIObjectiveC/Info.plist;
				LD_RUNPATH_SEARCH_PATHS = (
					"$(inherited)",
					"@executable_path/Frameworks",
				);
				PRODUCT_BUNDLE_IDENTIFIER = com.DUBTEL.MobileAPIObjectiveC;
				PRODUCT_NAME = "$(TARGET_NAME)";
				TARGETED_DEVICE_FAMILY = "1,2";
			};
			name = Release;
		};
		08156F6D20AB2AF0003F73CA /* Debug */ = {
			isa = XCBuildConfiguration;
			buildSettings = {
				BUNDLE_LOADER = "$(TEST_HOST)";
				CODE_SIGN_STYLE = Automatic;
				DEVELOPMENT_TEAM = 457Y6A548A;
				INFOPLIST_FILE = MobileAPIObjectiveCTests/Info.plist;
				LD_RUNPATH_SEARCH_PATHS = (
					"$(inherited)",
					"@executable_path/Frameworks",
					"@loader_path/Frameworks",
				);
				PRODUCT_BUNDLE_IDENTIFIER = com.DUBTEL.MobileAPIObjectiveCTests;
				PRODUCT_NAME = "$(TARGET_NAME)";
				TARGETED_DEVICE_FAMILY = "1,2";
				TEST_HOST = "$(BUILT_PRODUCTS_DIR)/MobileAPIObjectiveC.app/MobileAPIObjectiveC";
			};
			name = Debug;
		};
		08156F6E20AB2AF0003F73CA /* Release */ = {
			isa = XCBuildConfiguration;
			buildSettings = {
				BUNDLE_LOADER = "$(TEST_HOST)";
				CODE_SIGN_STYLE = Automatic;
				DEVELOPMENT_TEAM = 457Y6A548A;
				INFOPLIST_FILE = MobileAPIObjectiveCTests/Info.plist;
				LD_RUNPATH_SEARCH_PATHS = (
					"$(inherited)",
					"@executable_path/Frameworks",
					"@loader_path/Frameworks",
				);
				PRODUCT_BUNDLE_IDENTIFIER = com.DUBTEL.MobileAPIObjectiveCTests;
				PRODUCT_NAME = "$(TARGET_NAME)";
				TARGETED_DEVICE_FAMILY = "1,2";
				TEST_HOST = "$(BUILT_PRODUCTS_DIR)/MobileAPIObjectiveC.app/MobileAPIObjectiveC";
			};
			name = Release;
		};
/* End XCBuildConfiguration section */

/* Begin XCConfigurationList section */
		08156F4320AB2AEF003F73CA /* Build configuration list for PBXProject "MobileAPIObjectiveC" */ = {
			isa = XCConfigurationList;
			buildConfigurations = (
				08156F6720AB2AF0003F73CA /* Debug */,
				08156F6820AB2AF0003F73CA /* Release */,
			);
			defaultConfigurationIsVisible = 0;
			defaultConfigurationName = Release;
		};
		08156F6920AB2AF0003F73CA /* Build configuration list for PBXNativeTarget "MobileAPIObjectiveC" */ = {
			isa = XCConfigurationList;
			buildConfigurations = (
				08156F6A20AB2AF0003F73CA /* Debug */,
				08156F6B20AB2AF0003F73CA /* Release */,
			);
			defaultConfigurationIsVisible = 0;
			defaultConfigurationName = Release;
		};
		08156F6C20AB2AF0003F73CA /* Build configuration list for PBXNativeTarget "MobileAPIObjectiveCTests" */ = {
			isa = XCConfigurationList;
			buildConfigurations = (
				08156F6D20AB2AF0003F73CA /* Debug */,
				08156F6E20AB2AF0003F73CA /* Release */,
			);
			defaultConfigurationIsVisible = 0;
			defaultConfigurationName = Release;
		};
/* End XCConfigurationList section */
	};
	rootObject = 08156F4020AB2AEF003F73CA /* Project object */;
}
